<?xml version="1.0" encoding="utf-8"?>
<Project ToolsVersion="4.0" xmlns="http://schemas.microsoft.com/developer/msbuild/2003">
  <ItemGroup>
    <Filter Include="Source Files">
      <UniqueIdentifier>{4FC737F1-C7A5-4376-A066-2A32D752A2FF}</UniqueIdentifier>
      <Extensions>cpp;c;cc;cxx;def;odl;idl;hpj;bat;asm;asmx</Extensions>
    </Filter>
    <Filter Include="Resource Files">
      <UniqueIdentifier>{67DA6AB6-F800-4c08-8B7A-83BB121AAD01}</UniqueIdentifier>
      <Extensions>rc;ico;cur;bmp;dlg;rc2;rct;bin;rgs;gif;jpg;jpeg;jpe;resx;tiff;tif;png;wav;mfcribbon-ms</Extensions>
    </Filter>
    <Filter Include="Source Files\src">
      <UniqueIdentifier>{d25b1692-8cd0-4a52-b602-d1dd6f12f5e4}</UniqueIdentifier>
    </Filter>
    <Filter Include="Source Files\elib">
      <UniqueIdentifier>{66aaa043-6300-4540-b30f-ba2f716a99fa}</UniqueIdentifier>
    </Filter>
    <Filter Include="Source Files\hal">
      <UniqueIdentifier>{9f33bd94-da47-4d78-a87a-079036fb33fb}</UniqueIdentifier>
    </Filter>
    <Filter Include="Source Files\win32">
      <UniqueIdentifier>{b53cb9e5-e059-4f34-be2f-e2933fd334eb}</UniqueIdentifier>
    </Filter>
  </ItemGroup>
  <ItemGroup>
    <ClInclude Include="..\src\econfig.h">
      <Filter>Source Files\src</Filter>
    </ClInclude>
    <ClInclude Include="..\elib\elib\atexit.h">
      <Filter>Source Files\elib</Filter>
    </ClInclude>
    <ClInclude Include="..\elib\elib\bdlist.h">
      <Filter>Source Files\elib</Filter>
    </ClInclude>
    <ClInclude Include="..\elib\elib\binary.h">
      <Filter>Source Files\elib</Filter>
    </ClInclude>
    <ClInclude Include="..\elib\elib\compare.h">
      <Filter>Source Files\elib</Filter>
    </ClInclude>
    <ClInclude Include="..\elib\elib\configfile.h">
      <Filter>Source Files\elib</Filter>
    </ClInclude>
    <ClInclude Include="..\elib\elib\dllist.h">
      <Filter>Source Files\elib</Filter>
    </ClInclude>
    <ClInclude Include="..\elib\elib\eassert.h">
      <Filter>Source Files\elib</Filter>
    </ClInclude>
    <ClInclude Include="..\elib\elib\ecnew.h">
      <Filter>Source Files\elib</Filter>
    </ClInclude>
    <ClInclude Include="..\elib\elib\elib.h">
      <Filter>Source Files\elib</Filter>
    </ClInclude>
    <ClInclude Include="..\elib\elib\esmartptr.h">
      <Filter>Source Files\elib</Filter>
    </ClInclude>
    <ClInclude Include="..\elib\elib\m_argv.h">
      <Filter>Source Files\elib</Filter>
    </ClInclude>
    <ClInclude Include="..\elib\elib\m_ctype.h">
      <Filter>Source Files\elib</Filter>
    </ClInclude>
    <ClInclude Include="..\elib\elib\misc.h">
      <Filter>Source Files\elib</Filter>
    </ClInclude>
    <ClInclude Include="..\elib\elib\parser.h">
      <Filter>Source Files\elib</Filter>
    </ClInclude>
    <ClInclude Include="..\elib\elib\qstring.h">
      <Filter>Source Files\elib</Filter>
    </ClInclude>
    <ClInclude Include="..\elib\elib\swap.h">
      <Filter>Source Files\elib</Filter>
    </ClInclude>
    <ClInclude Include="..\elib\elib\zone.h">
      <Filter>Source Files\elib</Filter>
    </ClInclude>
    <ClInclude Include="..\elib\hal\hal_init.h">
      <Filter>Source Files\hal</Filter>
    </ClInclude>
    <ClInclude Include="..\elib\hal\hal_input.h">
      <Filter>Source Files\hal</Filter>
    </ClInclude>
    <ClInclude Include="..\elib\hal\hal_ml.h">
      <Filter>Source Files\hal</Filter>
    </ClInclude>
    <ClInclude Include="..\elib\hal\hal_platform.h">
      <Filter>Source Files\hal</Filter>
    </ClInclude>
    <ClInclude Include="..\elib\hal\hal_sfx.h">
      <Filter>Source Files\hal</Filter>
    </ClInclude>
    <ClInclude Include="..\elib\hal\hal_timer.h">
      <Filter>Source Files\hal</Filter>
    </ClInclude>
    <ClInclude Include="..\elib\hal\hal_types.h">
      <Filter>Source Files\hal</Filter>
    </ClInclude>
    <ClInclude Include="..\elib\hal\hal_video.h">
      <Filter>Source Files\hal</Filter>
    </ClInclude>
    <ClInclude Include="..\elib\win32\win32_platform.h">
      <Filter>Source Files\win32</Filter>
    </ClInclude>
    <ClInclude Include="..\elib\hal\hal_opendir.h">
      <Filter>Source Files\hal</Filter>
    </ClInclude>
    <ClInclude Include="..\elib\win32\win32_util.h">
      <Filter>Source Files\win32</Filter>
    </ClInclude>
    <ClInclude Include="..\elib\win32\win32_opendir.h">
      <Filter>Source Files\win32</Filter>
    </ClInclude>
    <ClInclude Include="..\src\sdobjects.h">
      <Filter>Source Files\src</Filter>
    </ClInclude>
  </ItemGroup>
  <ItemGroup>
    <ClCompile Include="..\src\sdomain.cpp">
      <Filter>Source Files\src</Filter>
    </ClCompile>
    <ClCompile Include="..\elib\elib\atexit.cpp">
      <Filter>Source Files\elib</Filter>
    </ClCompile>
    <ClCompile Include="..\elib\elib\configfile.cpp">
      <Filter>Source Files\elib</Filter>
    </ClCompile>
    <ClCompile Include="..\elib\elib\eassert.cpp">
      <Filter>Source Files\elib</Filter>
    </ClCompile>
    <ClCompile Include="..\elib\elib\m_argv.cpp">
      <Filter>Source Files\elib</Filter>
    </ClCompile>
    <ClCompile Include="..\elib\elib\misc.cpp">
      <Filter>Source Files\elib</Filter>
    </ClCompile>
    <ClCompile Include="..\elib\elib\parser.cpp">
      <Filter>Source Files\elib</Filter>
    </ClCompile>
    <ClCompile Include="..\elib\elib\qstring.cpp">
      <Filter>Source Files\elib</Filter>
    </ClCompile>
    <ClCompile Include="..\elib\elib\zone.cpp">
      <Filter>Source Files\elib</Filter>
    </ClCompile>
    <ClCompile Include="..\elib\hal\hal_init.cpp">
      <Filter>Source Files\hal</Filter>
    </ClCompile>
    <ClCompile Include="..\elib\hal\hal_input.cpp">
      <Filter>Source Files\hal</Filter>
    </ClCompile>
    <ClCompile Include="..\elib\hal\hal_ml.cpp">
      <Filter>Source Files\hal</Filter>
    </ClCompile>
    <ClCompile Include="..\elib\hal\hal_platform.cpp">
      <Filter>Source Files\hal</Filter>
    </ClCompile>
    <ClCompile Include="..\elib\hal\hal_sfx.cpp">
      <Filter>Source Files\hal</Filter>
    </ClCompile>
    <ClCompile Include="..\elib\hal\hal_timer.cpp">
      <Filter>Source Files\hal</Filter>
    </ClCompile>
    <ClCompile Include="..\elib\hal\hal_video.cpp">
      <Filter>Source Files\hal</Filter>
    </ClCompile>
    <ClCompile Include="..\elib\win32\win32_main.cpp">
      <Filter>Source Files\win32</Filter>
    </ClCompile>
    <ClCompile Include="..\elib\win32\win32_platform.cpp">
      <Filter>Source Files\win32</Filter>
    </ClCompile>
    <ClCompile Include="..\elib\hal\hal_opendir.cpp">
      <Filter>Source Files\hal</Filter>
    </ClCompile>
    <ClCompile Include="..\elib\win32\win32_opendir.cpp">
      <Filter>Source Files\win32</Filter>
    </ClCompile>
    <ClCompile Include="..\elib\win32\win32_util.cpp">
      <Filter>Source Files\win32</Filter>
    </ClCompile>
    <ClCompile Include="..\src\sdobjects.cpp">
      <Filter>Source Files\src</Filter>
    </ClCompile>
  </ItemGroup>
</Project>